
Microsoft Visual Studio Solution File, Format Version 12.00
# Visual Studio 2013
VisualStudioVersion = 12.0.21005.1
MinimumVisualStudioVersion = 10.0.40219.1
Project("{FAE04EC0-301F-11D3-BF4B-00C04F79EFBC}") = "WallBase.Web", "WallBase\WallBase.Web.csproj", "{77A5679B-661E-4D9C-B747-31B030C6AFE7}"
EndProject
Project("{FAE04EC0-301F-11D3-BF4B-00C04F79EFBC}") = "WallBase.Tests", "WallBase.Tests\WallBase.Tests.csproj", "{02BFD90C-5B1C-4F3E-BE4C-5F02F40E3AAA}"
EndProject
Project("{FAE04EC0-301F-11D3-BF4B-00C04F79EFBC}") = "Lucene", "Lucene\Lucene.csproj", "{D5D447D7-EF8E-43A6-B9A4-3B025DD9F45D}"
EndProject
Project("{FAE04EC0-301F-11D3-BF4B-00C04F79EFBC}") = "WallBase.Core", "WallBase.Core\WallBase.Core.csproj", "{168EE9D2-7828-4E8D-9489-4624FCA7717C}"
EndProject
Project("{FAE04EC0-301F-11D3-BF4B-00C04F79EFBC}") = "WallBase.Extensions", "WallBase.Extensions\WallBase.Extensions.csproj", "{4FC931B3-91FC-46EA-892A-B54DA4EE3D1B}"
EndProject
Project("{FAE04EC0-301F-11D3-BF4B-00C04F79EFBC}") = "UmbracoExamine", "UmbracoExamine\UmbracoExamine.csproj", "{07FBC26B-2927-4A22-8D96-D644C667FECC}"
EndProject
Project("{FAE04EC0-301F-11D3-BF4B-00C04F79EFBC}") = "Umbraco.Core", "Umbraco.Core\Umbraco.Core.csproj", "{31785BC3-256C-4613-B2F5-A1B0BDDED8C1}"
EndProject
Project("{FAE04EC0-301F-11D3-BF4B-00C04F79EFBC}") = "umbraco.MacroEngines", "umbraco.MacroEngines\umbraco.MacroEngines.csproj", "{89C09045-1064-466B-B94A-DB3AFE2A5853}"
EndProject
Project("{FAE04EC0-301F-11D3-BF4B-00C04F79EFBC}") = "umbraco.interfaces", "umbraco.interfaces\umbraco.interfaces.csproj", "{511F6D8D-7717-440A-9A57-A507E9A8B27F}"
EndProject
Project("{FAE04EC0-301F-11D3-BF4B-00C04F79EFBC}") = "Umbraco.Web", "Umbraco.Web\Umbraco.Web.csproj", "{651E1350-91B6-44B7-BD60-7207006D7003}"
EndProject
Project("{FAE04EC0-301F-11D3-BF4B-00C04F79EFBC}") = "umbraco.businesslogic", "umbraco.businesslogic\umbraco.businesslogic.csproj", "{E469A9CE-1BEC-423F-AC44-713CD72457EA}"
EndProject
Project("{2150E333-8FDC-42A3-9474-1A3956D46DE8}") = "Umbarco", "Umbarco", "{D93CCB08-BC9E-4B70-B2F8-AD6FDB2F9057}"
EndProject
Project("{FAE04EC0-301F-11D3-BF4B-00C04F79EFBC}") = "SharpRepository.Repository", "WallBase.Repository\SharpRepository.Repository.csproj", "{710DEE79-25CE-4F68-B8B1-D08A135AD154}"
EndProject
Project("{2150E333-8FDC-42A3-9474-1A3956D46DE8}") = "DAL", "DAL", "{2BDA72F9-0A05-45DA-8659-3D1EA0C67569}"
EndProject
Project("{FAE04EC0-301F-11D3-BF4B-00C04F79EFBC}") = "SharpRepository.MongoDbRepository", "WallBase.MongoDbRepository\SharpRepository.MongoDbRepository.csproj", "{DC40FEBE-2E39-4CB8-AE11-DFE9F6865BD2}"
EndProject
Project("{FAE04EC0-301F-11D3-BF4B-00C04F79EFBC}") = "SharpRepository.Caching.Redis", "WallBase.Caching.Redis\SharpRepository.Caching.Redis.csproj", "{1174F5B3-D3BE-453D-BD9F-D54EEFB0ADFE}"
EndProject
Project("{FAE04EC0-301F-11D3-BF4B-00C04F79EFBC}") = "WallBase.Logic", "WallBase.Logic\WallBase.Logic.csproj", "{86A7CE9B-E4E4-4301-85D5-D70239AC7835}"
EndProject
Project("{FAE04EC0-301F-11D3-BF4B-00C04F79EFBC}") = "SharpRepository.EfRepository", "WallBase.EfRepository\SharpRepository.EfRepository.csproj", "{E52B3B50-143D-4F85-9E42-7434644EF07F}"
EndProject
Project("{FAE04EC0-301F-11D3-BF4B-00C04F79EFBC}") = "Wallbase.IoCSetup", "Wallbase.IoCSetup\Wallbase.IoCSetup.csproj", "{1EC724EB-9416-47AF-B4A2-AB372A659C62}"
EndProject
Project("{FAE04EC0-301F-11D3-BF4B-00C04F79EFBC}") = "Hangfire.Core", "Hangfire.Core\Hangfire.Core.csproj", "{C995EA9E-56EE-4951-8260-D94260A7F4C2}"
EndProject
Project("{FAE04EC0-301F-11D3-BF4B-00C04F79EFBC}") = "ConsoleApplication1", "ConsoleApplication1\ConsoleApplication1.csproj", "{E553BAC9-E468-438E-A3ED-8AADDBE99EE7}"
EndProject
Project("{FAE04EC0-301F-11D3-BF4B-00C04F79EFBC}") = "Hangfire.SqlServer", "Hangfire.SqlServer\Hangfire.SqlServer.csproj", "{A523C0E3-097D-4869-977F-15A717EA3E83}"
EndProject
Project("{FAE04EC0-301F-11D3-BF4B-00C04F79EFBC}") = "EfContext", "EfContext\EfContext.csproj", "{6CDD3F26-8E48-44BD-82AE-66C100351262}"
EndProject
Project("{FAE04EC0-301F-11D3-BF4B-00C04F79EFBC}") = "WallBase.Ioc.Ninject", "WallBase.Ioc.Ninject\WallBase.Ioc.Ninject.csproj", "{549F87CC-3B00-4B45-94C9-517422556F8A}"
EndProject
Global
	GlobalSection(SolutionConfigurationPlatforms) = preSolution
		Debug|Any CPU = Debug|Any CPU
		Release|Any CPU = Release|Any CPU
	EndGlobalSection
	GlobalSection(ProjectConfigurationPlatforms) = postSolution
		{77A5679B-661E-4D9C-B747-31B030C6AFE7}.Debug|Any CPU.ActiveCfg = Debug|Any CPU
		{77A5679B-661E-4D9C-B747-31B030C6AFE7}.Debug|Any CPU.Build.0 = Debug|Any CPU
		{77A5679B-661E-4D9C-B747-31B030C6AFE7}.Release|Any CPU.ActiveCfg = Release|Any CPU
		{77A5679B-661E-4D9C-B747-31B030C6AFE7}.Release|Any CPU.Build.0 = Release|Any CPU
		{02BFD90C-5B1C-4F3E-BE4C-5F02F40E3AAA}.Debug|Any CPU.ActiveCfg = Debug|Any CPU
		{02BFD90C-5B1C-4F3E-BE4C-5F02F40E3AAA}.Debug|Any CPU.Build.0 = Debug|Any CPU
		{02BFD90C-5B1C-4F3E-BE4C-5F02F40E3AAA}.Release|Any CPU.ActiveCfg = Release|Any CPU
		{02BFD90C-5B1C-4F3E-BE4C-5F02F40E3AAA}.Release|Any CPU.Build.0 = Release|Any CPU
		{D5D447D7-EF8E-43A6-B9A4-3B025DD9F45D}.Debug|Any CPU.ActiveCfg = Debug|Any CPU
		{D5D447D7-EF8E-43A6-B9A4-3B025DD9F45D}.Debug|Any CPU.Build.0 = Debug|Any CPU
		{D5D447D7-EF8E-43A6-B9A4-3B025DD9F45D}.Release|Any CPU.ActiveCfg = Release|Any CPU
		{D5D447D7-EF8E-43A6-B9A4-3B025DD9F45D}.Release|Any CPU.Build.0 = Release|Any CPU
		{168EE9D2-7828-4E8D-9489-4624FCA7717C}.Debug|Any CPU.ActiveCfg = Debug|Any CPU
		{168EE9D2-7828-4E8D-9489-4624FCA7717C}.Debug|Any CPU.Build.0 = Debug|Any CPU
		{168EE9D2-7828-4E8D-9489-4624FCA7717C}.Release|Any CPU.ActiveCfg = Release|Any CPU
		{168EE9D2-7828-4E8D-9489-4624FCA7717C}.Release|Any CPU.Build.0 = Release|Any CPU
		{4FC931B3-91FC-46EA-892A-B54DA4EE3D1B}.Debug|Any CPU.ActiveCfg = Debug|Any CPU
		{4FC931B3-91FC-46EA-892A-B54DA4EE3D1B}.Debug|Any CPU.Build.0 = Debug|Any CPU
		{4FC931B3-91FC-46EA-892A-B54DA4EE3D1B}.Release|Any CPU.ActiveCfg = Release|Any CPU
		{4FC931B3-91FC-46EA-892A-B54DA4EE3D1B}.Release|Any CPU.Build.0 = Release|Any CPU
		{07FBC26B-2927-4A22-8D96-D644C667FECC}.Debug|Any CPU.ActiveCfg = Debug|Any CPU
		{07FBC26B-2927-4A22-8D96-D644C667FECC}.Debug|Any CPU.Build.0 = Debug|Any CPU
		{07FBC26B-2927-4A22-8D96-D644C667FECC}.Release|Any CPU.ActiveCfg = Release|Any CPU
		{07FBC26B-2927-4A22-8D96-D644C667FECC}.Release|Any CPU.Build.0 = Release|Any CPU
		{31785BC3-256C-4613-B2F5-A1B0BDDED8C1}.Debug|Any CPU.ActiveCfg = Debug|Any CPU
		{31785BC3-256C-4613-B2F5-A1B0BDDED8C1}.Debug|Any CPU.Build.0 = Debug|Any CPU
		{31785BC3-256C-4613-B2F5-A1B0BDDED8C1}.Release|Any CPU.ActiveCfg = Release|Any CPU
		{31785BC3-256C-4613-B2F5-A1B0BDDED8C1}.Release|Any CPU.Build.0 = Release|Any CPU
		{89C09045-1064-466B-B94A-DB3AFE2A5853}.Debug|Any CPU.ActiveCfg = Debug|Any CPU
		{89C09045-1064-466B-B94A-DB3AFE2A5853}.Debug|Any CPU.Build.0 = Debug|Any CPU
		{89C09045-1064-466B-B94A-DB3AFE2A5853}.Release|Any CPU.ActiveCfg = Release|Any CPU
		{89C09045-1064-466B-B94A-DB3AFE2A5853}.Release|Any CPU.Build.0 = Release|Any CPU
		{511F6D8D-7717-440A-9A57-A507E9A8B27F}.Debug|Any CPU.ActiveCfg = Debug|Any CPU
		{511F6D8D-7717-440A-9A57-A507E9A8B27F}.Debug|Any CPU.Build.0 = Debug|Any CPU
		{511F6D8D-7717-440A-9A57-A507E9A8B27F}.Release|Any CPU.ActiveCfg = Release|Any CPU
		{511F6D8D-7717-440A-9A57-A507E9A8B27F}.Release|Any CPU.Build.0 = Release|Any CPU
		{651E1350-91B6-44B7-BD60-7207006D7003}.Debug|Any CPU.ActiveCfg = Debug|Any CPU
		{651E1350-91B6-44B7-BD60-7207006D7003}.Debug|Any CPU.Build.0 = Debug|Any CPU
		{651E1350-91B6-44B7-BD60-7207006D7003}.Release|Any CPU.ActiveCfg = Release|Any CPU
		{651E1350-91B6-44B7-BD60-7207006D7003}.Release|Any CPU.Build.0 = Release|Any CPU
		{E469A9CE-1BEC-423F-AC44-713CD72457EA}.Debug|Any CPU.ActiveCfg = Debug|Any CPU
		{E469A9CE-1BEC-423F-AC44-713CD72457EA}.Debug|Any CPU.Build.0 = Debug|Any CPU
		{E469A9CE-1BEC-423F-AC44-713CD72457EA}.Release|Any CPU.ActiveCfg = Release|Any CPU
		{E469A9CE-1BEC-423F-AC44-713CD72457EA}.Release|Any CPU.Build.0 = Release|Any CPU
		{710DEE79-25CE-4F68-B8B1-D08A135AD154}.Debug|Any CPU.ActiveCfg = Debug|Any CPU
		{710DEE79-25CE-4F68-B8B1-D08A135AD154}.Debug|Any CPU.Build.0 = Debug|Any CPU
		{710DEE79-25CE-4F68-B8B1-D08A135AD154}.Release|Any CPU.ActiveCfg = Release|Any CPU
		{710DEE79-25CE-4F68-B8B1-D08A135AD154}.Release|Any CPU.Build.0 = Release|Any CPU
		{DC40FEBE-2E39-4CB8-AE11-DFE9F6865BD2}.Debug|Any CPU.ActiveCfg = Debug|Any CPU
		{DC40FEBE-2E39-4CB8-AE11-DFE9F6865BD2}.Debug|Any CPU.Build.0 = Debug|Any CPU
		{DC40FEBE-2E39-4CB8-AE11-DFE9F6865BD2}.Release|Any CPU.ActiveCfg = Release|Any CPU
		{DC40FEBE-2E39-4CB8-AE11-DFE9F6865BD2}.Release|Any CPU.Build.0 = Release|Any CPU
		{1174F5B3-D3BE-453D-BD9F-D54EEFB0ADFE}.Debug|Any CPU.ActiveCfg = Debug|Any CPU
		{1174F5B3-D3BE-453D-BD9F-D54EEFB0ADFE}.Debug|Any CPU.Build.0 = Debug|Any CPU
		{1174F5B3-D3BE-453D-BD9F-D54EEFB0ADFE}.Release|Any CPU.ActiveCfg = Release|Any CPU
		{1174F5B3-D3BE-453D-BD9F-D54EEFB0ADFE}.Release|Any CPU.Build.0 = Release|Any CPU
		{86A7CE9B-E4E4-4301-85D5-D70239AC7835}.Debug|Any CPU.ActiveCfg = Debug|Any CPU
		{86A7CE9B-E4E4-4301-85D5-D70239AC7835}.Debug|Any CPU.Build.0 = Debug|Any CPU
		{86A7CE9B-E4E4-4301-85D5-D70239AC7835}.Release|Any CPU.ActiveCfg = Release|Any CPU
		{86A7CE9B-E4E4-4301-85D5-D70239AC7835}.Release|Any CPU.Build.0 = Release|Any CPU
		{E52B3B50-143D-4F85-9E42-7434644EF07F}.Debug|Any CPU.ActiveCfg = Debug|Any CPU
		{E52B3B50-143D-4F85-9E42-7434644EF07F}.Debug|Any CPU.Build.0 = Debug|Any CPU
		{E52B3B50-143D-4F85-9E42-7434644EF07F}.Release|Any CPU.ActiveCfg = Release|Any CPU
		{E52B3B50-143D-4F85-9E42-7434644EF07F}.Release|Any CPU.Build.0 = Release|Any CPU
		{1EC724EB-9416-47AF-B4A2-AB372A659C62}.Debug|Any CPU.ActiveCfg = Debug|Any CPU
		{1EC724EB-9416-47AF-B4A2-AB372A659C62}.Debug|Any CPU.Build.0 = Debug|Any CPU
		{1EC724EB-9416-47AF-B4A2-AB372A659C62}.Release|Any CPU.ActiveCfg = Release|Any CPU
		{1EC724EB-9416-47AF-B4A2-AB372A659C62}.Release|Any CPU.Build.0 = Release|Any CPU
		{C995EA9E-56EE-4951-8260-D94260A7F4C2}.Debug|Any CPU.ActiveCfg = Debug|Any CPU
		{C995EA9E-56EE-4951-8260-D94260A7F4C2}.Debug|Any CPU.Build.0 = Debug|Any CPU
		{C995EA9E-56EE-4951-8260-D94260A7F4C2}.Release|Any CPU.ActiveCfg = Release|Any CPU
		{C995EA9E-56EE-4951-8260-D94260A7F4C2}.Release|Any CPU.Build.0 = Release|Any CPU
		{E553BAC9-E468-438E-A3ED-8AADDBE99EE7}.Debug|Any CPU.ActiveCfg = Debug|Any CPU
		{E553BAC9-E468-438E-A3ED-8AADDBE99EE7}.Debug|Any CPU.Build.0 = Debug|Any CPU
		{E553BAC9-E468-438E-A3ED-8AADDBE99EE7}.Release|Any CPU.ActiveCfg = Release|Any CPU
		{E553BAC9-E468-438E-A3ED-8AADDBE99EE7}.Release|Any CPU.Build.0 = Release|Any CPU
		{A523C0E3-097D-4869-977F-15A717EA3E83}.Debug|Any CPU.ActiveCfg = Debug|Any CPU
		{A523C0E3-097D-4869-977F-15A717EA3E83}.Debug|Any CPU.Build.0 = Debug|Any CPU
		{A523C0E3-097D-4869-977F-15A717EA3E83}.Release|Any CPU.ActiveCfg = Release|Any CPU
		{A523C0E3-097D-4869-977F-15A717EA3E83}.Release|Any CPU.Build.0 = Release|Any CPU
		{6CDD3F26-8E48-44BD-82AE-66C100351262}.Debug|Any CPU.ActiveCfg = Debug|Any CPU
		{6CDD3F26-8E48-44BD-82AE-66C100351262}.Debug|Any CPU.Build.0 = Debug|Any CPU
		{6CDD3F26-8E48-44BD-82AE-66C100351262}.Release|Any CPU.ActiveCfg = Release|Any CPU
		{6CDD3F26-8E48-44BD-82AE-66C100351262}.Release|Any CPU.Build.0 = Release|Any CPU
		{549F87CC-3B00-4B45-94C9-517422556F8A}.Debug|Any CPU.ActiveCfg = Debug|Any CPU
		{549F87CC-3B00-4B45-94C9-517422556F8A}.Debug|Any CPU.Build.0 = Debug|Any CPU
		{549F87CC-3B00-4B45-94C9-517422556F8A}.Release|Any CPU.ActiveCfg = Release|Any CPU
		{549F87CC-3B00-4B45-94C9-517422556F8A}.Release|Any CPU.Build.0 = Release|Any CPU
	EndGlobalSection
	GlobalSection(SolutionProperties) = preSolution
		HideSolutionNode = FALSE
	EndGlobalSection
	GlobalSection(NestedProjects) = preSolution
		{31785BC3-256C-4613-B2F5-A1B0BDDED8C1} = {D93CCB08-BC9E-4B70-B2F8-AD6FDB2F9057}
		{89C09045-1064-466B-B94A-DB3AFE2A5853} = {D93CCB08-BC9E-4B70-B2F8-AD6FDB2F9057}
		{511F6D8D-7717-440A-9A57-A507E9A8B27F} = {D93CCB08-BC9E-4B70-B2F8-AD6FDB2F9057}
		{651E1350-91B6-44B7-BD60-7207006D7003} = {D93CCB08-BC9E-4B70-B2F8-AD6FDB2F9057}
		{E469A9CE-1BEC-423F-AC44-713CD72457EA} = {D93CCB08-BC9E-4B70-B2F8-AD6FDB2F9057}
		{07FBC26B-2927-4A22-8D96-D644C667FECC} = {D93CCB08-BC9E-4B70-B2F8-AD6FDB2F9057}
		{710DEE79-25CE-4F68-B8B1-D08A135AD154} = {2BDA72F9-0A05-45DA-8659-3D1EA0C67569}
		{DC40FEBE-2E39-4CB8-AE11-DFE9F6865BD2} = {2BDA72F9-0A05-45DA-8659-3D1EA0C67569}
		{1174F5B3-D3BE-453D-BD9F-D54EEFB0ADFE} = {2BDA72F9-0A05-45DA-8659-3D1EA0C67569}
		{E52B3B50-143D-4F85-9E42-7434644EF07F} = {2BDA72F9-0A05-45DA-8659-3D1EA0C67569}
		{6CDD3F26-8E48-44BD-82AE-66C100351262} = {2BDA72F9-0A05-45DA-8659-3D1EA0C67569}
	EndGlobalSection
EndGlobal
